{
  "name": "剑指题解-专门为互联网人打造的题解神器-小程序管理后台",
  "version": "1.5.0",
  "lockfileVersion": 2,
  "requires": true,
  "packages": {
    "": {
      "name": "剑指题解-专门为互联网人打造的题解神器-小程序管理后台",
      "version": "1.5.0",
      "license": "MIT",
      "dependencies": {
        "ant-design-vue": "^1.7.5",
        "dayjs": "^1.10.5",
        "vue-json-excel": "^0.3.0",
        "wangeditor": "^4.7.4"
      },
      "devDependencies": {
        "prettier": "^2.5.1"
      },
      "engines": {
        "HBuilderX": "^3.1.1"
      }
    },
    "node_modules/@ant-design/colors": {
      "version": "3.2.2",
      "resolved": "https://npm.registry.xian.develop.zhigui.com/@ant-design%2fcolors/-/colors-3.2.2.tgz",
      "integrity": "sha512-YKgNbG2dlzqMhA9NtI3/pbY16m3Yl/EeWBRa+lB1X1YaYxHrxNexiQYCLTWO/uDvAjLFMEDU+zR901waBtMtjQ==",
      "dependencies": {
        "tinycolor2": "^1.4.1"
      }
    },
    "node_modules/@ant-design/icons": {
      "version": "2.1.1",
      "resolved": "https://npm.registry.xian.develop.zhigui.com/@ant-design%2ficons/-/icons-2.1.1.tgz",
      "integrity": "sha512-jCH+k2Vjlno4YWl6g535nHR09PwCEmTBKAG6VqF+rhkrSPRLfgpU2maagwbZPLjaHuU5Jd1DFQ2KJpQuI6uG8w=="
    },
    "node_modules/@ant-design/icons-vue": {
      "version": "2.0.0",
      "resolved": "https://npm.registry.xian.develop.zhigui.com/@ant-design%2ficons-vue/-/icons-vue-2.0.0.tgz",
      "integrity": "sha512-2c0QQE5hL4N48k5NkPG5sdpMl9YnvyNhf0U7YkdZYDlLnspoRU7vIA0UK9eHBs6OpFLcJB6o8eJrIl2ajBskPg==",
      "dependencies": {
        "@ant-design/colors": "^3.1.0",
        "babel-runtime": "^6.26.0"
      },
      "peerDependencies": {
        "@ant-design/icons": "^2.0.0",
        "vue": ">=2.5.0",
        "vue-template-compiler": ">=2.5.0"
      }
    },
    "node_modules/@babel/runtime": {
      "version": "7.14.6",
      "resolved": "https://npm.registry.xian.develop.zhigui.com/@babel%2fruntime/-/runtime-7.14.6.tgz",
      "integrity": "sha512-/PCB2uJ7oM44tz8YhC4Z/6PeOKXp4K588f+5M3clr1M4zbqztlo0XEfJ2LEzj/FgwfgGcIdl8n7YYjTCI0BYwg==",
      "dependencies": {
        "regenerator-runtime": "^0.13.4"
      },
      "engines": {
        "node": ">=6.9.0"
      }
    },
    "node_modules/@babel/runtime-corejs3": {
      "version": "7.14.7",
      "resolved": "https://npm.registry.xian.develop.zhigui.com/@babel%2fruntime-corejs3/-/runtime-corejs3-7.14.7.tgz",
      "integrity": "sha512-Wvzcw4mBYbTagyBVZpAJWI06auSIj033T/yNE0Zn1xcup83MieCddZA7ls3kme17L4NOGBrQ09Q+nKB41RLWBA==",
      "dependencies": {
        "core-js-pure": "^3.15.0",
        "regenerator-runtime": "^0.13.4"
      },
      "engines": {
        "node": ">=6.9.0"
      }
    },
    "node_modules/@babel/runtime-corejs3/node_modules/regenerator-runtime": {
      "version": "0.13.7",
      "resolved": "https://npm.registry.xian.develop.zhigui.com/regenerator-runtime/-/regenerator-runtime-0.13.7.tgz",
      "integrity": "sha512-a54FxoJDIr27pgf7IgeQGxmqUNYrcV338lf/6gH456HZ/PhX+5BcwHXG9ajESmwe6WRO0tAzRUrRmNONWgkrew=="
    },
    "node_modules/@babel/runtime/node_modules/regenerator-runtime": {
      "version": "0.13.7",
      "resolved": "https://npm.registry.xian.develop.zhigui.com/regenerator-runtime/-/regenerator-runtime-0.13.7.tgz",
      "integrity": "sha512-a54FxoJDIr27pgf7IgeQGxmqUNYrcV338lf/6gH456HZ/PhX+5BcwHXG9ajESmwe6WRO0tAzRUrRmNONWgkrew=="
    },
    "node_modules/@simonwep/pickr": {
      "version": "1.7.4",
      "resolved": "https://npm.registry.xian.develop.zhigui.com/@simonwep%2fpickr/-/pickr-1.7.4.tgz",
      "integrity": "sha512-fq7jgKJT21uWGC1mARBHvvd1JYlEf93o7SuVOB4Lr0x/2UPuNC9Oe9n/GzVeg4oVtqMDfh1wIEJpsdOJEZb+3g==",
      "dependencies": {
        "core-js": "^3.6.5",
        "nanopop": "^2.1.0"
      }
    },
    "node_modules/@simonwep/pickr/node_modules/core-js": {
      "version": "3.14.0",
      "resolved": "https://npm.registry.xian.develop.zhigui.com/core-js/-/core-js-3.14.0.tgz",
      "integrity": "sha512-3s+ed8er9ahK+zJpp9ZtuVcDoFzHNiZsPbNAAE4KXgrRHbjSqqNN6xGSXq6bq7TZIbKj4NLrLb6bJ5i+vSVjHA==",
      "hasInstallScript": true,
      "funding": {
        "type": "opencollective",
        "url": "https://opencollective.com/core-js"
      }
    },
    "node_modules/add-dom-event-listener": {
      "version": "1.1.0",
      "resolved": "https://npm.registry.xian.develop.zhigui.com/add-dom-event-listener/-/add-dom-event-listener-1.1.0.tgz",
      "integrity": "sha512-WCxx1ixHT0GQU9hb0KI/mhgRQhnU+U3GvwY6ZvVjYq8rsihIGoaIOUbY0yMPBxLH5MDtr0kz3fisWGNcbWW7Jw==",
      "dependencies": {
        "object-assign": "4.x"
      }
    },
    "node_modules/ant-design-vue": {
      "version": "1.7.5",
      "resolved": "https://npm.registry.xian.develop.zhigui.com/ant-design-vue/-/ant-design-vue-1.7.5.tgz",
      "integrity": "sha512-QVrirCz6eetzui+Dv/ujMqUwIr8e/2H+pKr4VC3mpc+cHkw6L9cBRJK7DhfO7GTyK4EWKkEH3lfLWlD/XjUoQQ==",
      "hasInstallScript": true,
      "dependencies": {
        "@ant-design/icons": "^2.1.1",
        "@ant-design/icons-vue": "^2.0.0",
        "@simonwep/pickr": "~1.7.0",
        "add-dom-event-listener": "^1.0.2",
        "array-tree-filter": "^2.1.0",
        "async-validator": "^3.0.3",
        "babel-helper-vue-jsx-merge-props": "^2.0.3",
        "babel-runtime": "6.x",
        "classnames": "^2.2.5",
        "component-classes": "^1.2.6",
        "dom-align": "^1.10.4",
        "dom-closest": "^0.2.0",
        "dom-scroll-into-view": "^2.0.0",
        "enquire.js": "^2.1.6",
        "intersperse": "^1.0.0",
        "is-mobile": "^2.2.1",
        "is-negative-zero": "^2.0.0",
        "ismobilejs": "^1.0.0",
        "json2mq": "^0.2.0",
        "lodash": "^4.17.5",
        "moment": "^2.21.0",
        "mutationobserver-shim": "^0.3.2",
        "node-emoji": "^1.10.0",
        "omit.js": "^1.0.0",
        "raf": "^3.4.0",
        "resize-observer-polyfill": "^1.5.1",
        "shallow-equal": "^1.0.0",
        "shallowequal": "^1.0.2",
        "vue-ref": "^2.0.0",
        "warning": "^4.0.0"
      },
      "peerDependencies": {
        "vue": "^2.6.0",
        "vue-template-compiler": "^2.6.0"
      }
    },
    "node_modules/array-tree-filter": {
      "version": "2.1.0",
      "resolved": "https://npm.registry.xian.develop.zhigui.com/array-tree-filter/-/array-tree-filter-2.1.0.tgz",
      "integrity": "sha512-4ROwICNlNw/Hqa9v+rk5h22KjmzB1JGTMVKP2AKJBOCgb0yL0ASf0+YvCcLNNwquOHNX48jkeZIJ3a+oOQqKcw=="
    },
    "node_modules/async-validator": {
      "version": "3.5.2",
      "resolved": "https://npm.registry.xian.develop.zhigui.com/async-validator/-/async-validator-3.5.2.tgz",
      "integrity": "sha512-8eLCg00W9pIRZSB781UUX/H6Oskmm8xloZfr09lz5bikRpBVDlJ3hRVuxxP1SxcwsEYfJ4IU8Q19Y8/893r3rQ=="
    },
    "node_modules/babel-helper-vue-jsx-merge-props": {
      "version": "2.0.3",
      "resolved": "https://npm.registry.xian.develop.zhigui.com/babel-helper-vue-jsx-merge-props/-/babel-helper-vue-jsx-merge-props-2.0.3.tgz",
      "integrity": "sha512-gsLiKK7Qrb7zYJNgiXKpXblxbV5ffSwR0f5whkPAaBAR4fhi6bwRZxX9wBlIc5M/v8CCkXUbXZL4N/nSE97cqg=="
    },
    "node_modules/babel-runtime": {
      "version": "6.26.0",
      "resolved": "https://npm.registry.xian.develop.zhigui.com/babel-runtime/-/babel-runtime-6.26.0.tgz",
      "integrity": "sha1-llxwWGaOgrVde/4E/yM3vItWR/4=",
      "dependencies": {
        "core-js": "^2.4.0",
        "regenerator-runtime": "^0.11.0"
      }
    },
    "node_modules/classnames": {
      "version": "2.3.1",
      "resolved": "https://npm.registry.xian.develop.zhigui.com/classnames/-/classnames-2.3.1.tgz",
      "integrity": "sha512-OlQdbZ7gLfGarSqxesMesDa5uz7KFbID8Kpq/SxIoNGDqY8lSYs0D+hhtBXhcdB3rcbXArFr7vlHheLk1voeNA=="
    },
    "node_modules/component-classes": {
      "version": "1.2.6",
      "resolved": "https://npm.registry.xian.develop.zhigui.com/component-classes/-/component-classes-1.2.6.tgz",
      "integrity": "sha1-xkI5TDYYpNiwuJGe/Mu9kw5c1pE=",
      "dependencies": {
        "component-indexof": "0.0.3"
      }
    },
    "node_modules/component-indexof": {
      "version": "0.0.3",
      "resolved": "https://npm.registry.xian.develop.zhigui.com/component-indexof/-/component-indexof-0.0.3.tgz",
      "integrity": "sha1-EdCRMSI5648yyPJa6csAL/6NPCQ="
    },
    "node_modules/core-js": {
      "version": "2.6.12",
      "resolved": "https://npm.registry.xian.develop.zhigui.com/core-js/-/core-js-2.6.12.tgz",
      "integrity": "sha512-Kb2wC0fvsWfQrgk8HU5lW6U/Lcs8+9aaYcy4ZFc6DDlo4nZ7n70dEgE5rtR0oG6ufKDUnrwfWL1mXR5ljDatrQ==",
      "deprecated": "core-js@<3.3 is no longer maintained and not recommended for usage due to the number of issues. Because of the V8 engine whims, feature detection in old core-js versions could cause a slowdown up to 100x even if nothing is polyfilled. Please, upgrade your dependencies to the actual version of core-js.",
      "hasInstallScript": true
    },
    "node_modules/core-js-pure": {
      "version": "3.15.1",
      "resolved": "https://npm.registry.xian.develop.zhigui.com/core-js-pure/-/core-js-pure-3.15.1.tgz",
      "integrity": "sha512-OZuWHDlYcIda8sJLY4Ec6nWq2hRjlyCqCZ+jCflyleMkVt3tPedDVErvHslyS2nbO+SlBFMSBJYvtLMwxnrzjA==",
      "hasInstallScript": true,
      "funding": {
        "type": "opencollective",
        "url": "https://opencollective.com/core-js"
      }
    },
    "node_modules/dayjs": {
      "version": "1.10.5",
      "resolved": "https://npm.registry.xian.develop.zhigui.com/dayjs/-/dayjs-1.10.5.tgz",
      "integrity": "sha512-BUFis41ikLz+65iH6LHQCDm4YPMj5r1YFLdupPIyM4SGcXMmtiLQ7U37i+hGS8urIuqe7I/ou3IS1jVc4nbN4g=="
    },
    "node_modules/dom-align": {
      "version": "1.12.2",
      "resolved": "https://npm.registry.xian.develop.zhigui.com/dom-align/-/dom-align-1.12.2.tgz",
      "integrity": "sha512-pHuazgqrsTFrGU2WLDdXxCFabkdQDx72ddkraZNih1KsMcN5qsRSTR9O4VJRlwTPCPb5COYg3LOfiMHHcPInHg=="
    },
    "node_modules/dom-closest": {
      "version": "0.2.0",
      "resolved": "https://npm.registry.xian.develop.zhigui.com/dom-closest/-/dom-closest-0.2.0.tgz",
      "integrity": "sha1-69n5HRvyLo1vR3h2u80+yQIWwM8=",
      "dependencies": {
        "dom-matches": ">=1.0.1"
      }
    },
    "node_modules/dom-matches": {
      "version": "2.0.0",
      "resolved": "https://npm.registry.xian.develop.zhigui.com/dom-matches/-/dom-matches-2.0.0.tgz",
      "integrity": "sha1-0nKLQWqHUzmA6wibhI0lPPI6dYw="
    },
    "node_modules/dom-scroll-into-view": {
      "version": "2.0.1",
      "resolved": "https://npm.registry.xian.develop.zhigui.com/dom-scroll-into-view/-/dom-scroll-into-view-2.0.1.tgz",
      "integrity": "sha512-bvVTQe1lfaUr1oFzZX80ce9KLDlZ3iU+XGNE/bz9HnGdklTieqsbmsLHe+rT2XWqopvL0PckkYqN7ksmm5pe3w=="
    },
    "node_modules/downloadjs": {
      "version": "1.4.7",
      "resolved": "https://npm.registry.xian.develop.zhigui.com/downloadjs/-/downloadjs-1.4.7.tgz",
      "integrity": "sha1-9p+W+UDg0FU9rCkROYZaPNAQHjw="
    },
    "node_modules/enquire.js": {
      "version": "2.1.6",
      "resolved": "https://npm.registry.xian.develop.zhigui.com/enquire.js/-/enquire.js-2.1.6.tgz",
      "integrity": "sha1-PoeAybi4NQhMP2DhZtvDwqPImBQ="
    },
    "node_modules/intersperse": {
      "version": "1.0.0",
      "resolved": "https://npm.registry.xian.develop.zhigui.com/intersperse/-/intersperse-1.0.0.tgz",
      "integrity": "sha1-8lYfsc/vn1J3zDNHoiiGtDUaUYE="
    },
    "node_modules/is-mobile": {
      "version": "2.2.2",
      "resolved": "https://npm.registry.xian.develop.zhigui.com/is-mobile/-/is-mobile-2.2.2.tgz",
      "integrity": "sha512-wW/SXnYJkTjs++tVK5b6kVITZpAZPtUrt9SF80vvxGiF/Oywal+COk1jlRkiVq15RFNEQKQY31TkV24/1T5cVg=="
    },
    "node_modules/is-negative-zero": {
      "version": "2.0.1",
      "resolved": "https://npm.registry.xian.develop.zhigui.com/is-negative-zero/-/is-negative-zero-2.0.1.tgz",
      "integrity": "sha512-2z6JzQvZRa9A2Y7xC6dQQm4FSTSTNWjKIYYTt4246eMTJmIo0Q+ZyOsU66X8lxK1AbB92dFeglPLrhwpeRKO6w==",
      "engines": {
        "node": ">= 0.4"
      },
      "funding": {
        "url": "https://github.com/sponsors/ljharb"
      }
    },
    "node_modules/ismobilejs": {
      "version": "1.1.1",
      "resolved": "https://npm.registry.xian.develop.zhigui.com/ismobilejs/-/ismobilejs-1.1.1.tgz",
      "integrity": "sha512-VaFW53yt8QO61k2WJui0dHf4SlL8lxBofUuUmwBo0ljPk0Drz2TiuDW4jo3wDcv41qy/SxrJ+VAzJ/qYqsmzRw=="
    },
    "node_modules/js-tokens": {
      "version": "4.0.0",
      "resolved": "https://npm.registry.xian.develop.zhigui.com/js-tokens/-/js-tokens-4.0.0.tgz",
      "integrity": "sha512-RdJUflcE3cUzKiMqQgsCu06FPu9UdIJO0beYbPhHN4k6apgJtifcoCtT9bcxOpYBtpD2kCM6Sbzg4CausW/PKQ=="
    },
    "node_modules/json2mq": {
      "version": "0.2.0",
      "resolved": "https://npm.registry.xian.develop.zhigui.com/json2mq/-/json2mq-0.2.0.tgz",
      "integrity": "sha1-tje9O6nqvhIsg+lyBIOusQ0skEo=",
      "dependencies": {
        "string-convert": "^0.2.0"
      }
    },
    "node_modules/lodash": {
      "version": "4.17.21",
      "resolved": "https://npm.registry.xian.develop.zhigui.com/lodash/-/lodash-4.17.21.tgz",
      "integrity": "sha512-v2kDEe57lecTulaDIuNTPy3Ry4gLGJ6Z1O3vE1krgXZNrsQ+LFTGHVxVjcXPs17LhbZVGedAJv8XZ1tvj5FvSg=="
    },
    "node_modules/lodash.toarray": {
      "version": "4.4.0",
      "resolved": "https://npm.registry.xian.develop.zhigui.com/lodash.toarray/-/lodash.toarray-4.4.0.tgz",
      "integrity": "sha1-JMS/zWsvuji/0FlNsRedjptlZWE="
    },
    "node_modules/loose-envify": {
      "version": "1.4.0",
      "resolved": "https://npm.registry.xian.develop.zhigui.com/loose-envify/-/loose-envify-1.4.0.tgz",
      "integrity": "sha512-lyuxPGr/Wfhrlem2CL/UcnUc1zcqKAImBDzukY7Y5F/yQiNdko6+fRLevlw1HgMySw7f611UIY408EtxRSoK3Q==",
      "dependencies": {
        "js-tokens": "^3.0.0 || ^4.0.0"
      },
      "bin": {
        "loose-envify": "cli.js"
      }
    },
    "node_modules/moment": {
      "version": "2.29.1",
      "resolved": "https://npm.registry.xian.develop.zhigui.com/moment/-/moment-2.29.1.tgz",
      "integrity": "sha512-kHmoybcPV8Sqy59DwNDY3Jefr64lK/by/da0ViFcuA4DH0vQg5Q6Ze5VimxkfQNSC+Mls/Kx53s7TjP1RhFEDQ==",
      "engines": {
        "node": "*"
      }
    },
    "node_modules/mutationobserver-shim": {
      "version": "0.3.7",
      "resolved": "https://npm.registry.xian.develop.zhigui.com/mutationobserver-shim/-/mutationobserver-shim-0.3.7.tgz",
      "integrity": "sha512-oRIDTyZQU96nAiz2AQyngwx1e89iApl2hN5AOYwyxLUB47UYsU3Wv9lJWqH5y/QdiYkc5HQLi23ZNB3fELdHcQ=="
    },
    "node_modules/nanopop": {
      "version": "2.1.0",
      "resolved": "https://npm.registry.xian.develop.zhigui.com/nanopop/-/nanopop-2.1.0.tgz",
      "integrity": "sha512-jGTwpFRexSH+fxappnGQtN9dspgE2ipa1aOjtR24igG0pv6JCxImIAmrLRHX+zUF5+1wtsFVbKyfP51kIGAVNw=="
    },
    "node_modules/node-emoji": {
      "version": "1.10.0",
      "resolved": "https://npm.registry.xian.develop.zhigui.com/node-emoji/-/node-emoji-1.10.0.tgz",
      "integrity": "sha512-Yt3384If5H6BYGVHiHwTL+99OzJKHhgp82S8/dktEK73T26BazdgZ4JZh92xSVtGNJvz9UbXdNAc5hcrXV42vw==",
      "dependencies": {
        "lodash.toarray": "^4.4.0"
      }
    },
    "node_modules/object-assign": {
      "version": "4.1.1",
      "resolved": "https://npm.registry.xian.develop.zhigui.com/object-assign/-/object-assign-4.1.1.tgz",
      "integrity": "sha1-IQmtx5ZYh8/AXLvUQsrIv7s2CGM=",
      "engines": {
        "node": ">=0.10.0"
      }
    },
    "node_modules/omit.js": {
      "version": "1.0.2",
      "resolved": "https://npm.registry.xian.develop.zhigui.com/omit.js/-/omit.js-1.0.2.tgz",
      "integrity": "sha512-/QPc6G2NS+8d4L/cQhbk6Yit1WTB6Us2g84A7A/1+w9d/eRGHyEqC5kkQtHVoHZ5NFWGG7tUGgrhVZwgZanKrQ==",
      "dependencies": {
        "babel-runtime": "^6.23.0"
      }
    },
    "node_modules/performance-now": {
      "version": "2.1.0",
      "resolved": "https://npm.registry.xian.develop.zhigui.com/performance-now/-/performance-now-2.1.0.tgz",
      "integrity": "sha1-Ywn04OX6kT7BxpMHrjZLSzd8nns="
    },
    "node_modules/prettier": {
      "version": "2.5.1",
      "resolved": "https://registry.npmjs.org/prettier/-/prettier-2.5.1.tgz",
      "integrity": "sha512-vBZcPRUR5MZJwoyi3ZoyQlc1rXeEck8KgeC9AwwOn+exuxLxq5toTRDTSaVrXHxelDMHy9zlicw8u66yxoSUFg==",
      "dev": true,
      "bin": {
        "prettier": "bin-prettier.js"
      },
      "engines": {
        "node": ">=10.13.0"
      }
    },
    "node_modules/raf": {
      "version": "3.4.1",
      "resolved": "https://npm.registry.xian.develop.zhigui.com/raf/-/raf-3.4.1.tgz",
      "integrity": "sha512-Sq4CW4QhwOHE8ucn6J34MqtZCeWFP2aQSmrlroYgqAV1PjStIhJXxYuTgUIfkEk7zTLjmIjLmU5q+fbD1NnOJA==",
      "dependencies": {
        "performance-now": "^2.1.0"
      }
    },
    "node_modules/regenerator-runtime": {
      "version": "0.11.1",
      "resolved": "https://npm.registry.xian.develop.zhigui.com/regenerator-runtime/-/regenerator-runtime-0.11.1.tgz",
      "integrity": "sha512-MguG95oij0fC3QV3URf4V2SDYGJhJnJGqvIIgdECeODCT98wSWDAJ94SSuVpYQUoTcGUIL6L4yNB7j1DFFHSBg=="
    },
    "node_modules/resize-observer-polyfill": {
      "version": "1.5.1",
      "resolved": "https://npm.registry.xian.develop.zhigui.com/resize-observer-polyfill/-/resize-observer-polyfill-1.5.1.tgz",
      "integrity": "sha512-LwZrotdHOo12nQuZlHEmtuXdqGoOD0OhaxopaNFxWzInpEgaLWoVuAMbTzixuosCx2nEG58ngzW3vxdWoxIgdg=="
    },
    "node_modules/shallow-equal": {
      "version": "1.2.1",
      "resolved": "https://npm.registry.xian.develop.zhigui.com/shallow-equal/-/shallow-equal-1.2.1.tgz",
      "integrity": "sha512-S4vJDjHHMBaiZuT9NPb616CSmLf618jawtv3sufLl6ivK8WocjAo58cXwbRV1cgqxH0Qbv+iUt6m05eqEa2IRA=="
    },
    "node_modules/shallowequal": {
      "version": "1.1.0",
      "resolved": "https://npm.registry.xian.develop.zhigui.com/shallowequal/-/shallowequal-1.1.0.tgz",
      "integrity": "sha512-y0m1JoUZSlPAjXVtPPW70aZWfIL/dSP7AFkRnniLCrK/8MDKog3TySTBmckD+RObVxH0v4Tox67+F14PdED2oQ=="
    },
    "node_modules/string-convert": {
      "version": "0.2.1",
      "resolved": "https://npm.registry.xian.develop.zhigui.com/string-convert/-/string-convert-0.2.1.tgz",
      "integrity": "sha1-aYLMMEn7tM2F+LJFaLnZvznu/5c="
    },
    "node_modules/tinycolor2": {
      "version": "1.4.2",
      "resolved": "https://npm.registry.xian.develop.zhigui.com/tinycolor2/-/tinycolor2-1.4.2.tgz",
      "integrity": "sha512-vJhccZPs965sV/L2sU4oRQVAos0pQXwsvTLkWYdqJ+a8Q5kPFzJTuOFwy7UniPli44NKQGAglksjvOcpo95aZA==",
      "engines": {
        "node": "*"
      }
    },
    "node_modules/tslib": {
      "version": "2.3.0",
      "resolved": "https://npm.registry.xian.develop.zhigui.com/tslib/-/tslib-2.3.0.tgz",
      "integrity": "sha512-N82ooyxVNm6h1riLCoyS9e3fuJ3AMG2zIZs2Gd1ATcSFjSA23Q0fzjjZeh0jbJvWVDZ0cJT8yaNNaaXHzueNjg=="
    },
    "node_modules/vue-json-excel": {
      "version": "0.3.0",
      "resolved": "https://npm.registry.xian.develop.zhigui.com/vue-json-excel/-/vue-json-excel-0.3.0.tgz",
      "integrity": "sha512-FrSh0tVUpw4K+ilLO8g0Qp52eFJw/hkk3rZPTEKo9qVkJgVfQtZwzj3UWc5ACYxA3jLk9HtjK+f9xKHCN4Kgag==",
      "dependencies": {
        "downloadjs": "^1.4.7"
      }
    },
    "node_modules/vue-ref": {
      "version": "2.0.0",
      "resolved": "https://npm.registry.xian.develop.zhigui.com/vue-ref/-/vue-ref-2.0.0.tgz",
      "integrity": "sha512-uKNKpFOVeWNqS2mrBZqnpLyXJo5Q+vnkex6JvpENvhXHFNBW/SJTP8vJywLuVT3DpxwXcF9N0dyIiZ4/NpTexQ=="
    },
    "node_modules/wangeditor": {
      "version": "4.7.4",
      "resolved": "https://npm.registry.xian.develop.zhigui.com/wangeditor/-/wangeditor-4.7.4.tgz",
      "integrity": "sha512-MVWJyFZm3SOhIGFsxDwD6Q0ahIWQTYU0/otHxq85EnfdxtJBJ8c55iKDp3zIvBZaiBawBiYCpRmbn8HOedNj5w==",
      "dependencies": {
        "@babel/runtime": "^7.11.2",
        "@babel/runtime-corejs3": "^7.11.2",
        "tslib": "^2.1.0"
      }
    },
    "node_modules/warning": {
      "version": "4.0.3",
      "resolved": "https://npm.registry.xian.develop.zhigui.com/warning/-/warning-4.0.3.tgz",
      "integrity": "sha512-rpJyN222KWIvHJ/F53XSZv0Zl/accqHR8et1kpaMTD/fLCRxtV8iX8czMzY7sVZupTI3zcUTg8eycS2kNF9l6w==",
      "dependencies": {
        "loose-envify": "^1.0.0"
      }
    }
  },
  "dependencies": {
    "@ant-design/colors": {
      "version": "3.2.2",
      "resolved": "https://npm.registry.xian.develop.zhigui.com/@ant-design%2fcolors/-/colors-3.2.2.tgz",
      "integrity": "sha512-YKgNbG2dlzqMhA9NtI3/pbY16m3Yl/EeWBRa+lB1X1YaYxHrxNexiQYCLTWO/uDvAjLFMEDU+zR901waBtMtjQ==",
      "requires": {
        "tinycolor2": "^1.4.1"
      }
    },
    "@ant-design/icons": {
      "version": "2.1.1",
      "resolved": "https://npm.registry.xian.develop.zhigui.com/@ant-design%2ficons/-/icons-2.1.1.tgz",
      "integrity": "sha512-jCH+k2Vjlno4YWl6g535nHR09PwCEmTBKAG6VqF+rhkrSPRLfgpU2maagwbZPLjaHuU5Jd1DFQ2KJpQuI6uG8w=="
    },
    "@ant-design/icons-vue": {
      "version": "2.0.0",
      "resolved": "https://npm.registry.xian.develop.zhigui.com/@ant-design%2ficons-vue/-/icons-vue-2.0.0.tgz",
      "integrity": "sha512-2c0QQE5hL4N48k5NkPG5sdpMl9YnvyNhf0U7YkdZYDlLnspoRU7vIA0UK9eHBs6OpFLcJB6o8eJrIl2ajBskPg==",
      "requires": {
        "@ant-design/colors": "^3.1.0",
        "babel-runtime": "^6.26.0"
      }
    },
    "@babel/runtime": {
      "version": "7.14.6",
      "resolved": "https://npm.registry.xian.develop.zhigui.com/@babel%2fruntime/-/runtime-7.14.6.tgz",
      "integrity": "sha512-/PCB2uJ7oM44tz8YhC4Z/6PeOKXp4K588f+5M3clr1M4zbqztlo0XEfJ2LEzj/FgwfgGcIdl8n7YYjTCI0BYwg==",
      "requires": {
        "regenerator-runtime": "^0.13.4"
      },
      "dependencies": {
        "regenerator-runtime": {
          "version": "0.13.7",
          "resolved": "https://npm.registry.xian.develop.zhigui.com/regenerator-runtime/-/regenerator-runtime-0.13.7.tgz",
          "integrity": "sha512-a54FxoJDIr27pgf7IgeQGxmqUNYrcV338lf/6gH456HZ/PhX+5BcwHXG9ajESmwe6WRO0tAzRUrRmNONWgkrew=="
        }
      }
    },
    "@babel/runtime-corejs3": {
      "version": "7.14.7",
      "resolved": "https://npm.registry.xian.develop.zhigui.com/@babel%2fruntime-corejs3/-/runtime-corejs3-7.14.7.tgz",
      "integrity": "sha512-Wvzcw4mBYbTagyBVZpAJWI06auSIj033T/yNE0Zn1xcup83MieCddZA7ls3kme17L4NOGBrQ09Q+nKB41RLWBA==",
      "requires": {
        "core-js-pure": "^3.15.0",
        "regenerator-runtime": "^0.13.4"
      },
      "dependencies": {
        "regenerator-runtime": {
          "version": "0.13.7",
          "resolved": "https://npm.registry.xian.develop.zhigui.com/regenerator-runtime/-/regenerator-runtime-0.13.7.tgz",
          "integrity": "sha512-a54FxoJDIr27pgf7IgeQGxmqUNYrcV338lf/6gH456HZ/PhX+5BcwHXG9ajESmwe6WRO0tAzRUrRmNONWgkrew=="
        }
      }
    },
    "@simonwep/pickr": {
      "version": "1.7.4",
      "resolved": "https://npm.registry.xian.develop.zhigui.com/@simonwep%2fpickr/-/pickr-1.7.4.tgz",
      "integrity": "sha512-fq7jgKJT21uWGC1mARBHvvd1JYlEf93o7SuVOB4Lr0x/2UPuNC9Oe9n/GzVeg4oVtqMDfh1wIEJpsdOJEZb+3g==",
      "requires": {
        "core-js": "^3.6.5",
        "nanopop": "^2.1.0"
      },
      "dependencies": {
        "core-js": {
          "version": "3.14.0",
          "resolved": "https://npm.registry.xian.develop.zhigui.com/core-js/-/core-js-3.14.0.tgz",
          "integrity": "sha512-3s+ed8er9ahK+zJpp9ZtuVcDoFzHNiZsPbNAAE4KXgrRHbjSqqNN6xGSXq6bq7TZIbKj4NLrLb6bJ5i+vSVjHA=="
        }
      }
    },
    "add-dom-event-listener": {
      "version": "1.1.0",
      "resolved": "https://npm.registry.xian.develop.zhigui.com/add-dom-event-listener/-/add-dom-event-listener-1.1.0.tgz",
      "integrity": "sha512-WCxx1ixHT0GQU9hb0KI/mhgRQhnU+U3GvwY6ZvVjYq8rsihIGoaIOUbY0yMPBxLH5MDtr0kz3fisWGNcbWW7Jw==",
      "requires": {
        "object-assign": "4.x"
      }
    },
    "ant-design-vue": {
      "version": "1.7.5",
      "resolved": "https://npm.registry.xian.develop.zhigui.com/ant-design-vue/-/ant-design-vue-1.7.5.tgz",
      "integrity": "sha512-QVrirCz6eetzui+Dv/ujMqUwIr8e/2H+pKr4VC3mpc+cHkw6L9cBRJK7DhfO7GTyK4EWKkEH3lfLWlD/XjUoQQ==",
      "requires": {
        "@ant-design/icons": "^2.1.1",
        "@ant-design/icons-vue": "^2.0.0",
        "@simonwep/pickr": "~1.7.0",
        "add-dom-event-listener": "^1.0.2",
        "array-tree-filter": "^2.1.0",
        "async-validator": "^3.0.3",
        "babel-helper-vue-jsx-merge-props": "^2.0.3",
        "babel-runtime": "6.x",
        "classnames": "^2.2.5",
        "component-classes": "^1.2.6",
        "dom-align": "^1.10.4",
        "dom-closest": "^0.2.0",
        "dom-scroll-into-view": "^2.0.0",
        "enquire.js": "^2.1.6",
        "intersperse": "^1.0.0",
        "is-mobile": "^2.2.1",
        "is-negative-zero": "^2.0.0",
        "ismobilejs": "^1.0.0",
        "json2mq": "^0.2.0",
        "lodash": "^4.17.5",
        "moment": "^2.21.0",
        "mutationobserver-shim": "^0.3.2",
        "node-emoji": "^1.10.0",
        "omit.js": "^1.0.0",
        "raf": "^3.4.0",
        "resize-observer-polyfill": "^1.5.1",
        "shallow-equal": "^1.0.0",
        "shallowequal": "^1.0.2",
        "vue-ref": "^2.0.0",
        "warning": "^4.0.0"
      }
    },
    "array-tree-filter": {
      "version": "2.1.0",
      "resolved": "https://npm.registry.xian.develop.zhigui.com/array-tree-filter/-/array-tree-filter-2.1.0.tgz",
      "integrity": "sha512-4ROwICNlNw/Hqa9v+rk5h22KjmzB1JGTMVKP2AKJBOCgb0yL0ASf0+YvCcLNNwquOHNX48jkeZIJ3a+oOQqKcw=="
    },
    "async-validator": {
      "version": "3.5.2",
      "resolved": "https://npm.registry.xian.develop.zhigui.com/async-validator/-/async-validator-3.5.2.tgz",
      "integrity": "sha512-8eLCg00W9pIRZSB781UUX/H6Oskmm8xloZfr09lz5bikRpBVDlJ3hRVuxxP1SxcwsEYfJ4IU8Q19Y8/893r3rQ=="
    },
    "babel-helper-vue-jsx-merge-props": {
      "version": "2.0.3",
      "resolved": "https://npm.registry.xian.develop.zhigui.com/babel-helper-vue-jsx-merge-props/-/babel-helper-vue-jsx-merge-props-2.0.3.tgz",
      "integrity": "sha512-gsLiKK7Qrb7zYJNgiXKpXblxbV5ffSwR0f5whkPAaBAR4fhi6bwRZxX9wBlIc5M/v8CCkXUbXZL4N/nSE97cqg=="
    },
    "babel-runtime": {
      "version": "6.26.0",
      "resolved": "https://npm.registry.xian.develop.zhigui.com/babel-runtime/-/babel-runtime-6.26.0.tgz",
      "integrity": "sha1-llxwWGaOgrVde/4E/yM3vItWR/4=",
      "requires": {
        "core-js": "^2.4.0",
        "regenerator-runtime": "^0.11.0"
      }
    },
    "classnames": {
      "version": "2.3.1",
      "resolved": "https://npm.registry.xian.develop.zhigui.com/classnames/-/classnames-2.3.1.tgz",
      "integrity": "sha512-OlQdbZ7gLfGarSqxesMesDa5uz7KFbID8Kpq/SxIoNGDqY8lSYs0D+hhtBXhcdB3rcbXArFr7vlHheLk1voeNA=="
    },
    "component-classes": {
      "version": "1.2.6",
      "resolved": "https://npm.registry.xian.develop.zhigui.com/component-classes/-/component-classes-1.2.6.tgz",
      "integrity": "sha1-xkI5TDYYpNiwuJGe/Mu9kw5c1pE=",
      "requires": {
        "component-indexof": "0.0.3"
      }
    },
    "component-indexof": {
      "version": "0.0.3",
      "resolved": "https://npm.registry.xian.develop.zhigui.com/component-indexof/-/component-indexof-0.0.3.tgz",
      "integrity": "sha1-EdCRMSI5648yyPJa6csAL/6NPCQ="
    },
    "core-js": {
      "version": "2.6.12",
      "resolved": "https://npm.registry.xian.develop.zhigui.com/core-js/-/core-js-2.6.12.tgz",
      "integrity": "sha512-Kb2wC0fvsWfQrgk8HU5lW6U/Lcs8+9aaYcy4ZFc6DDlo4nZ7n70dEgE5rtR0oG6ufKDUnrwfWL1mXR5ljDatrQ=="
    },
    "core-js-pure": {
      "version": "3.15.1",
      "resolved": "https://npm.registry.xian.develop.zhigui.com/core-js-pure/-/core-js-pure-3.15.1.tgz",
      "integrity": "sha512-OZuWHDlYcIda8sJLY4Ec6nWq2hRjlyCqCZ+jCflyleMkVt3tPedDVErvHslyS2nbO+SlBFMSBJYvtLMwxnrzjA=="
    },
    "dayjs": {
      "version": "1.10.5",
      "resolved": "https://npm.registry.xian.develop.zhigui.com/dayjs/-/dayjs-1.10.5.tgz",
      "integrity": "sha512-BUFis41ikLz+65iH6LHQCDm4YPMj5r1YFLdupPIyM4SGcXMmtiLQ7U37i+hGS8urIuqe7I/ou3IS1jVc4nbN4g=="
    },
    "dom-align": {
      "version": "1.12.2",
      "resolved": "https://npm.registry.xian.develop.zhigui.com/dom-align/-/dom-align-1.12.2.tgz",
      "integrity": "sha512-pHuazgqrsTFrGU2WLDdXxCFabkdQDx72ddkraZNih1KsMcN5qsRSTR9O4VJRlwTPCPb5COYg3LOfiMHHcPInHg=="
    },
    "dom-closest": {
      "version": "0.2.0",
      "resolved": "https://npm.registry.xian.develop.zhigui.com/dom-closest/-/dom-closest-0.2.0.tgz",
      "integrity": "sha1-69n5HRvyLo1vR3h2u80+yQIWwM8=",
      "requires": {
        "dom-matches": ">=1.0.1"
      }
    },
    "dom-matches": {
      "version": "2.0.0",
      "resolved": "https://npm.registry.xian.develop.zhigui.com/dom-matches/-/dom-matches-2.0.0.tgz",
      "integrity": "sha1-0nKLQWqHUzmA6wibhI0lPPI6dYw="
    },
    "dom-scroll-into-view": {
      "version": "2.0.1",
      "resolved": "https://npm.registry.xian.develop.zhigui.com/dom-scroll-into-view/-/dom-scroll-into-view-2.0.1.tgz",
      "integrity": "sha512-bvVTQe1lfaUr1oFzZX80ce9KLDlZ3iU+XGNE/bz9HnGdklTieqsbmsLHe+rT2XWqopvL0PckkYqN7ksmm5pe3w=="
    },
    "downloadjs": {
      "version": "1.4.7",
      "resolved": "https://npm.registry.xian.develop.zhigui.com/downloadjs/-/downloadjs-1.4.7.tgz",
      "integrity": "sha1-9p+W+UDg0FU9rCkROYZaPNAQHjw="
    },
    "enquire.js": {
      "version": "2.1.6",
      "resolved": "https://npm.registry.xian.develop.zhigui.com/enquire.js/-/enquire.js-2.1.6.tgz",
      "integrity": "sha1-PoeAybi4NQhMP2DhZtvDwqPImBQ="
    },
    "intersperse": {
      "version": "1.0.0",
      "resolved": "https://npm.registry.xian.develop.zhigui.com/intersperse/-/intersperse-1.0.0.tgz",
      "integrity": "sha1-8lYfsc/vn1J3zDNHoiiGtDUaUYE="
    },
    "is-mobile": {
      "version": "2.2.2",
      "resolved": "https://npm.registry.xian.develop.zhigui.com/is-mobile/-/is-mobile-2.2.2.tgz",
      "integrity": "sha512-wW/SXnYJkTjs++tVK5b6kVITZpAZPtUrt9SF80vvxGiF/Oywal+COk1jlRkiVq15RFNEQKQY31TkV24/1T5cVg=="
    },
    "is-negative-zero": {
      "version": "2.0.1",
      "resolved": "https://npm.registry.xian.develop.zhigui.com/is-negative-zero/-/is-negative-zero-2.0.1.tgz",
      "integrity": "sha512-2z6JzQvZRa9A2Y7xC6dQQm4FSTSTNWjKIYYTt4246eMTJmIo0Q+ZyOsU66X8lxK1AbB92dFeglPLrhwpeRKO6w=="
    },
    "ismobilejs": {
      "version": "1.1.1",
      "resolved": "https://npm.registry.xian.develop.zhigui.com/ismobilejs/-/ismobilejs-1.1.1.tgz",
      "integrity": "sha512-VaFW53yt8QO61k2WJui0dHf4SlL8lxBofUuUmwBo0ljPk0Drz2TiuDW4jo3wDcv41qy/SxrJ+VAzJ/qYqsmzRw=="
    },
    "js-tokens": {
      "version": "4.0.0",
      "resolved": "https://npm.registry.xian.develop.zhigui.com/js-tokens/-/js-tokens-4.0.0.tgz",
      "integrity": "sha512-RdJUflcE3cUzKiMqQgsCu06FPu9UdIJO0beYbPhHN4k6apgJtifcoCtT9bcxOpYBtpD2kCM6Sbzg4CausW/PKQ=="
    },
    "json2mq": {
      "version": "0.2.0",
      "resolved": "https://npm.registry.xian.develop.zhigui.com/json2mq/-/json2mq-0.2.0.tgz",
      "integrity": "sha1-tje9O6nqvhIsg+lyBIOusQ0skEo=",
      "requires": {
        "string-convert": "^0.2.0"
      }
    },
    "lodash": {
      "version": "4.17.21",
      "resolved": "https://npm.registry.xian.develop.zhigui.com/lodash/-/lodash-4.17.21.tgz",
      "integrity": "sha512-v2kDEe57lecTulaDIuNTPy3Ry4gLGJ6Z1O3vE1krgXZNrsQ+LFTGHVxVjcXPs17LhbZVGedAJv8XZ1tvj5FvSg=="
    },
    "lodash.toarray": {
      "version": "4.4.0",
      "resolved": "https://npm.registry.xian.develop.zhigui.com/lodash.toarray/-/lodash.toarray-4.4.0.tgz",
      "integrity": "sha1-JMS/zWsvuji/0FlNsRedjptlZWE="
    },
    "loose-envify": {
      "version": "1.4.0",
      "resolved": "https://npm.registry.xian.develop.zhigui.com/loose-envify/-/loose-envify-1.4.0.tgz",
      "integrity": "sha512-lyuxPGr/Wfhrlem2CL/UcnUc1zcqKAImBDzukY7Y5F/yQiNdko6+fRLevlw1HgMySw7f611UIY408EtxRSoK3Q==",
      "requires": {
        "js-tokens": "^3.0.0 || ^4.0.0"
      }
    },
    "moment": {
      "version": "2.29.1",
      "resolved": "https://npm.registry.xian.develop.zhigui.com/moment/-/moment-2.29.1.tgz",
      "integrity": "sha512-kHmoybcPV8Sqy59DwNDY3Jefr64lK/by/da0ViFcuA4DH0vQg5Q6Ze5VimxkfQNSC+Mls/Kx53s7TjP1RhFEDQ=="
    },
    "mutationobserver-shim": {
      "version": "0.3.7",
      "resolved": "https://npm.registry.xian.develop.zhigui.com/mutationobserver-shim/-/mutationobserver-shim-0.3.7.tgz",
      "integrity": "sha512-oRIDTyZQU96nAiz2AQyngwx1e89iApl2hN5AOYwyxLUB47UYsU3Wv9lJWqH5y/QdiYkc5HQLi23ZNB3fELdHcQ=="
    },
    "nanopop": {
      "version": "2.1.0",
      "resolved": "https://npm.registry.xian.develop.zhigui.com/nanopop/-/nanopop-2.1.0.tgz",
      "integrity": "sha512-jGTwpFRexSH+fxappnGQtN9dspgE2ipa1aOjtR24igG0pv6JCxImIAmrLRHX+zUF5+1wtsFVbKyfP51kIGAVNw=="
    },
    "node-emoji": {
      "version": "1.10.0",
      "resolved": "https://npm.registry.xian.develop.zhigui.com/node-emoji/-/node-emoji-1.10.0.tgz",
      "integrity": "sha512-Yt3384If5H6BYGVHiHwTL+99OzJKHhgp82S8/dktEK73T26BazdgZ4JZh92xSVtGNJvz9UbXdNAc5hcrXV42vw==",
      "requires": {
        "lodash.toarray": "^4.4.0"
      }
    },
    "object-assign": {
      "version": "4.1.1",
      "resolved": "https://npm.registry.xian.develop.zhigui.com/object-assign/-/object-assign-4.1.1.tgz",
      "integrity": "sha1-IQmtx5ZYh8/AXLvUQsrIv7s2CGM="
    },
    "omit.js": {
      "version": "1.0.2",
      "resolved": "https://npm.registry.xian.develop.zhigui.com/omit.js/-/omit.js-1.0.2.tgz",
      "integrity": "sha512-/QPc6G2NS+8d4L/cQhbk6Yit1WTB6Us2g84A7A/1+w9d/eRGHyEqC5kkQtHVoHZ5NFWGG7tUGgrhVZwgZanKrQ==",
      "requires": {
        "babel-runtime": "^6.23.0"
      }
    },
    "performance-now": {
      "version": "2.1.0",
      "resolved": "https://npm.registry.xian.develop.zhigui.com/performance-now/-/performance-now-2.1.0.tgz",
      "integrity": "sha1-Ywn04OX6kT7BxpMHrjZLSzd8nns="
    },
    "prettier": {
      "version": "2.5.1",
      "resolved": "https://registry.npmjs.org/prettier/-/prettier-2.5.1.tgz",
      "integrity": "sha512-vBZcPRUR5MZJwoyi3ZoyQlc1rXeEck8KgeC9AwwOn+exuxLxq5toTRDTSaVrXHxelDMHy9zlicw8u66yxoSUFg==",
      "dev": true
    },
    "raf": {
      "version": "3.4.1",
      "resolved": "https://npm.registry.xian.develop.zhigui.com/raf/-/raf-3.4.1.tgz",
      "integrity": "sha512-Sq4CW4QhwOHE8ucn6J34MqtZCeWFP2aQSmrlroYgqAV1PjStIhJXxYuTgUIfkEk7zTLjmIjLmU5q+fbD1NnOJA==",
      "requires": {
        "performance-now": "^2.1.0"
      }
    },
    "regenerator-runtime": {
      "version": "0.11.1",
      "resolved": "https://npm.registry.xian.develop.zhigui.com/regenerator-runtime/-/regenerator-runtime-0.11.1.tgz",
      "integrity": "sha512-MguG95oij0fC3QV3URf4V2SDYGJhJnJGqvIIgdECeODCT98wSWDAJ94SSuVpYQUoTcGUIL6L4yNB7j1DFFHSBg=="
    },
    "resize-observer-polyfill": {
      "version": "1.5.1",
      "resolved": "https://npm.registry.xian.develop.zhigui.com/resize-observer-polyfill/-/resize-observer-polyfill-1.5.1.tgz",
      "integrity": "sha512-LwZrotdHOo12nQuZlHEmtuXdqGoOD0OhaxopaNFxWzInpEgaLWoVuAMbTzixuosCx2nEG58ngzW3vxdWoxIgdg=="
    },
    "shallow-equal": {
      "version": "1.2.1",
      "resolved": "https://npm.registry.xian.develop.zhigui.com/shallow-equal/-/shallow-equal-1.2.1.tgz",
      "integrity": "sha512-S4vJDjHHMBaiZuT9NPb616CSmLf618jawtv3sufLl6ivK8WocjAo58cXwbRV1cgqxH0Qbv+iUt6m05eqEa2IRA=="
    },
    "shallowequal": {
      "version": "1.1.0",
      "resolved": "https://npm.registry.xian.develop.zhigui.com/shallowequal/-/shallowequal-1.1.0.tgz",
      "integrity": "sha512-y0m1JoUZSlPAjXVtPPW70aZWfIL/dSP7AFkRnniLCrK/8MDKog3TySTBmckD+RObVxH0v4Tox67+F14PdED2oQ=="
    },
    "string-convert": {
      "version": "0.2.1",
      "resolved": "https://npm.registry.xian.develop.zhigui.com/string-convert/-/string-convert-0.2.1.tgz",
      "integrity": "sha1-aYLMMEn7tM2F+LJFaLnZvznu/5c="
    },
    "tinycolor2": {
      "version": "1.4.2",
      "resolved": "https://npm.registry.xian.develop.zhigui.com/tinycolor2/-/tinycolor2-1.4.2.tgz",
      "integrity": "sha512-vJhccZPs965sV/L2sU4oRQVAos0pQXwsvTLkWYdqJ+a8Q5kPFzJTuOFwy7UniPli44NKQGAglksjvOcpo95aZA=="
    },
    "tslib": {
      "version": "2.3.0",
      "resolved": "https://npm.registry.xian.develop.zhigui.com/tslib/-/tslib-2.3.0.tgz",
      "integrity": "sha512-N82ooyxVNm6h1riLCoyS9e3fuJ3AMG2zIZs2Gd1ATcSFjSA23Q0fzjjZeh0jbJvWVDZ0cJT8yaNNaaXHzueNjg=="
    },
    "vue-json-excel": {
      "version": "0.3.0",
      "resolved": "https://npm.registry.xian.develop.zhigui.com/vue-json-excel/-/vue-json-excel-0.3.0.tgz",
      "integrity": "sha512-FrSh0tVUpw4K+ilLO8g0Qp52eFJw/hkk3rZPTEKo9qVkJgVfQtZwzj3UWc5ACYxA3jLk9HtjK+f9xKHCN4Kgag==",
      "requires": {
        "downloadjs": "^1.4.7"
      }
    },
    "vue-ref": {
      "version": "2.0.0",
      "resolved": "https://npm.registry.xian.develop.zhigui.com/vue-ref/-/vue-ref-2.0.0.tgz",
      "integrity": "sha512-uKNKpFOVeWNqS2mrBZqnpLyXJo5Q+vnkex6JvpENvhXHFNBW/SJTP8vJywLuVT3DpxwXcF9N0dyIiZ4/NpTexQ=="
    },
    "wangeditor": {
      "version": "4.7.4",
      "resolved": "https://npm.registry.xian.develop.zhigui.com/wangeditor/-/wangeditor-4.7.4.tgz",
      "integrity": "sha512-MVWJyFZm3SOhIGFsxDwD6Q0ahIWQTYU0/otHxq85EnfdxtJBJ8c55iKDp3zIvBZaiBawBiYCpRmbn8HOedNj5w==",
      "requires": {
        "@babel/runtime": "^7.11.2",
        "@babel/runtime-corejs3": "^7.11.2",
        "tslib": "^2.1.0"
      }
    },
    "warning": {
      "version": "4.0.3",
      "resolved": "https://npm.registry.xian.develop.zhigui.com/warning/-/warning-4.0.3.tgz",
      "integrity": "sha512-rpJyN222KWIvHJ/F53XSZv0Zl/accqHR8et1kpaMTD/fLCRxtV8iX8czMzY7sVZupTI3zcUTg8eycS2kNF9l6w==",
      "requires": {
        "loose-envify": "^1.0.0"
      }
    }
  }
}
